
Microsoft Visual Studio Solution File, Format Version 12.00
# Visual Studio Version 17
VisualStudioVersion = 17.2.32526.322
MinimumVisualStudioVersion = 10.0.40219.1
Project("{FAE04EC0-301F-11D3-BF4B-00C04F79EFBC}") = "JsonToCsvHomeWork", "JsonToCsvHomeWork\JsonToCsvHomeWork.csproj", "{4146C869-108D-477D-9B3D-A60B2FD979BD}"
EndProject
Global
	GlobalSection(SolutionConfigurationPlatforms) = preSolution
		Debug|Any CPU = Debug|Any CPU
		Release|Any CPU = Release|Any CPU
	EndGlobalSection
	GlobalSection(ProjectConfigurationPlatforms) = postSolution
		{4146C869-108D-477D-9B3D-A60B2FD979BD}.Debug|Any CPU.ActiveCfg = Debug|Any CPU
		{4146C869-108D-477D-9B3D-A60B2FD979BD}.Debug|Any CPU.Build.0 = Debug|Any CPU
		{4146C869-108D-477D-9B3D-A60B2FD979BD}.Release|Any CPU.ActiveCfg = Release|Any CPU
		{4146C869-108D-477D-9B3D-A60B2FD979BD}.Release|Any CPU.Build.0 = Release|Any CPU
	EndGlobalSection
	GlobalSection(SolutionProperties) = preSolution
		HideSolutionNode = FALSE
	EndGlobalSection
	GlobalSection(ExtensibilityGlobals) = postSolution
		SolutionGuid = {63951C2A-701F-40A0-AFB7-D58BD470AA56}
	EndGlobalSection
EndGlobal
